// !$*UTF8*$!
{
	archiveVersion = 1;
	classes = {
	};
	objectVersion = 56;
	objects = {

/* Begin PBXBuildFile section */
		CB300AC52BF458DC001B6A72 /* HomeViewController.swift in Sources */ = {isa = PBXBuildFile; fileRef = CB300AC42BF458DC001B6A72 /* HomeViewController.swift */; };
		CB300AC72BF45A38001B6A72 /* HomepageCollectionViewCell.swift in Sources */ = {isa = PBXBuildFile; fileRef = CB300AC62BF45A38001B6A72 /* HomepageCollectionViewCell.swift */; };
		CB300ACA2BF46692001B6A72 /* SearchViewController.swift in Sources */ = {isa = PBXBuildFile; fileRef = CB300AC92BF46692001B6A72 /* SearchViewController.swift */; };
		CB300ACC2BF46728001B6A72 /* SearchCollectionViewCell.swift in Sources */ = {isa = PBXBuildFile; fileRef = CB300ACB2BF46728001B6A72 /* SearchCollectionViewCell.swift */; };
		CB300ACF2BF63CA2001B6A72 /* DetailViewController.swift in Sources */ = {isa = PBXBuildFile; fileRef = CB300ACE2BF63CA2001B6A72 /* DetailViewController.swift */; };
		CB34B0972BDB58CD0059A17E /* FirebaseController.swift in Sources */ = {isa = PBXBuildFile; fileRef = CB34B0962BDB58CD0059A17E /* FirebaseController.swift */; };
		CB34B0992BDB59110059A17E /* DatabaseProtocol.swift in Sources */ = {isa = PBXBuildFile; fileRef = CB34B0982BDB59110059A17E /* DatabaseProtocol.swift */; };
		CB34B09B2BDB5AA90059A17E /* MulticastDelegate.swift in Sources */ = {isa = PBXBuildFile; fileRef = CB34B09A2BDB5AA90059A17E /* MulticastDelegate.swift */; };
		CB7F25F42BED8AD200700F35 /* RecipeData.swift in Sources */ = {isa = PBXBuildFile; fileRef = CB7F25F32BED8AD200700F35 /* RecipeData.swift */; };
		CB7F25F62BED8AF900700F35 /* CookingData.swift in Sources */ = {isa = PBXBuildFile; fileRef = CB7F25F52BED8AF900700F35 /* CookingData.swift */; };
		CB7F25F82BED8DA100700F35 /* IngredientData.swift in Sources */ = {isa = PBXBuildFile; fileRef = CB7F25F72BED8DA100700F35 /* IngredientData.swift */; };
		CB7F25FC2BEDA4C400700F35 /* ShortRecipeData.swift in Sources */ = {isa = PBXBuildFile; fileRef = CB7F25FB2BEDA4C400700F35 /* ShortRecipeData.swift */; };
		CB7F26002BEF1E3600700F35 /* TestingCollectionViewCell.swift in Sources */ = {isa = PBXBuildFile; fileRef = CB7F25FF2BEF1E3600700F35 /* TestingCollectionViewCell.swift */; };
		CB7F26022BEF1EBE00700F35 /* TestingViewController.swift in Sources */ = {isa = PBXBuildFile; fileRef = CB7F26012BEF1EBE00700F35 /* TestingViewController.swift */; };
		CB7F26042BF0484300700F35 /* DetailRecipeData.swift in Sources */ = {isa = PBXBuildFile; fileRef = CB7F26032BF0484300700F35 /* DetailRecipeData.swift */; };
		CB7F26062BF04BCA00700F35 /* analyzedInstructionData.swift in Sources */ = {isa = PBXBuildFile; fileRef = CB7F26052BF04BCA00700F35 /* analyzedInstructionData.swift */; };
		CB8234E72BE4B66500465B31 /* MainViewController.swift in Sources */ = {isa = PBXBuildFile; fileRef = CB8234E62BE4B66500465B31 /* MainViewController.swift */; };
		CBCE32BA2BDB3BFF00B15EEF /* LogInViewController.swift in Sources */ = {isa = PBXBuildFile; fileRef = CBCE32B92BDB3BFF00B15EEF /* LogInViewController.swift */; };
		CBCE32BD2BDB3F1600B15EEF /* FirebaseAuth in Frameworks */ = {isa = PBXBuildFile; productRef = CBCE32BC2BDB3F1600B15EEF /* FirebaseAuth */; };
		CBCE32BF2BDB3F1600B15EEF /* FirebaseFirestore in Frameworks */ = {isa = PBXBuildFile; productRef = CBCE32BE2BDB3F1600B15EEF /* FirebaseFirestore */; };
		CBCE32C12BDB3F1600B15EEF /* FirebaseFirestoreSwift in Frameworks */ = {isa = PBXBuildFile; productRef = CBCE32C02BDB3F1600B15EEF /* FirebaseFirestoreSwift */; };
		CBCE32C32BDB412600B15EEF /* GoogleService-Info.plist in Resources */ = {isa = PBXBuildFile; fileRef = CBCE32C22BDB412600B15EEF /* GoogleService-Info.plist */; };
		CBCE32C52BDB546800B15EEF /* RegisterViewController.swift in Sources */ = {isa = PBXBuildFile; fileRef = CBCE32C42BDB546800B15EEF /* RegisterViewController.swift */; };
		CBDD9EA22BA7EA14001AFC33 /* AppDelegate.swift in Sources */ = {isa = PBXBuildFile; fileRef = CBDD9EA12BA7EA14001AFC33 /* AppDelegate.swift */; };
		CBDD9EA42BA7EA14001AFC33 /* SceneDelegate.swift in Sources */ = {isa = PBXBuildFile; fileRef = CBDD9EA32BA7EA14001AFC33 /* SceneDelegate.swift */; };
		CBDD9EA62BA7EA14001AFC33 /* ViewController.swift in Sources */ = {isa = PBXBuildFile; fileRef = CBDD9EA52BA7EA14001AFC33 /* ViewController.swift */; };
		CBDD9EA92BA7EA14001AFC33 /* Main.storyboard in Resources */ = {isa = PBXBuildFile; fileRef = CBDD9EA72BA7EA14001AFC33 /* Main.storyboard */; };
		CBDD9EAC2BA7EA14001AFC33 /* EasyFood.xcdatamodeld in Sources */ = {isa = PBXBuildFile; fileRef = CBDD9EAA2BA7EA14001AFC33 /* EasyFood.xcdatamodeld */; };
		CBDD9EAE2BA7EA16001AFC33 /* Assets.xcassets in Resources */ = {isa = PBXBuildFile; fileRef = CBDD9EAD2BA7EA16001AFC33 /* Assets.xcassets */; };
		CBDD9EB12BA7EA16001AFC33 /* LaunchScreen.storyboard in Resources */ = {isa = PBXBuildFile; fileRef = CBDD9EAF2BA7EA16001AFC33 /* LaunchScreen.storyboard */; };
/* End PBXBuildFile section */

/* Begin PBXFileReference section */
		CB300AC42BF458DC001B6A72 /* HomeViewController.swift */ = {isa = PBXFileReference; lastKnownFileType = sourcecode.swift; path = HomeViewController.swift; sourceTree = "<group>"; };
		CB300AC62BF45A38001B6A72 /* HomepageCollectionViewCell.swift */ = {isa = PBXFileReference; lastKnownFileType = sourcecode.swift; path = HomepageCollectionViewCell.swift; sourceTree = "<group>"; };
		CB300AC92BF46692001B6A72 /* SearchViewController.swift */ = {isa = PBXFileReference; lastKnownFileType = sourcecode.swift; path = SearchViewController.swift; sourceTree = "<group>"; };
		CB300ACB2BF46728001B6A72 /* SearchCollectionViewCell.swift */ = {isa = PBXFileReference; lastKnownFileType = sourcecode.swift; path = SearchCollectionViewCell.swift; sourceTree = "<group>"; };
		CB300ACE2BF63CA2001B6A72 /* DetailViewController.swift */ = {isa = PBXFileReference; lastKnownFileType = sourcecode.swift; path = DetailViewController.swift; sourceTree = "<group>"; };
		CB34B0962BDB58CD0059A17E /* FirebaseController.swift */ = {isa = PBXFileReference; lastKnownFileType = sourcecode.swift; path = FirebaseController.swift; sourceTree = "<group>"; };
		CB34B0982BDB59110059A17E /* DatabaseProtocol.swift */ = {isa = PBXFileReference; lastKnownFileType = sourcecode.swift; path = DatabaseProtocol.swift; sourceTree = "<group>"; };
		CB34B09A2BDB5AA90059A17E /* MulticastDelegate.swift */ = {isa = PBXFileReference; lastKnownFileType = sourcecode.swift; path = MulticastDelegate.swift; sourceTree = "<group>"; };
		CB7F25F32BED8AD200700F35 /* RecipeData.swift */ = {isa = PBXFileReference; lastKnownFileType = sourcecode.swift; path = RecipeData.swift; sourceTree = "<group>"; };
		CB7F25F52BED8AF900700F35 /* CookingData.swift */ = {isa = PBXFileReference; lastKnownFileType = sourcecode.swift; path = CookingData.swift; sourceTree = "<group>"; };
		CB7F25F72BED8DA100700F35 /* IngredientData.swift */ = {isa = PBXFileReference; lastKnownFileType = sourcecode.swift; path = IngredientData.swift; sourceTree = "<group>"; };
		CB7F25FB2BEDA4C400700F35 /* ShortRecipeData.swift */ = {isa = PBXFileReference; lastKnownFileType = sourcecode.swift; path = ShortRecipeData.swift; sourceTree = "<group>"; };
		CB7F25FF2BEF1E3600700F35 /* TestingCollectionViewCell.swift */ = {isa = PBXFileReference; lastKnownFileType = sourcecode.swift; path = TestingCollectionViewCell.swift; sourceTree = "<group>"; };
		CB7F26012BEF1EBE00700F35 /* TestingViewController.swift */ = {isa = PBXFileReference; lastKnownFileType = sourcecode.swift; path = TestingViewController.swift; sourceTree = "<group>"; };
		CB7F26032BF0484300700F35 /* DetailRecipeData.swift */ = {isa = PBXFileReference; lastKnownFileType = sourcecode.swift; path = DetailRecipeData.swift; sourceTree = "<group>"; };
		CB7F26052BF04BCA00700F35 /* analyzedInstructionData.swift */ = {isa = PBXFileReference; lastKnownFileType = sourcecode.swift; path = analyzedInstructionData.swift; sourceTree = "<group>"; };
		CB8234E62BE4B66500465B31 /* MainViewController.swift */ = {isa = PBXFileReference; lastKnownFileType = sourcecode.swift; path = MainViewController.swift; sourceTree = "<group>"; };
		CBCE32B92BDB3BFF00B15EEF /* LogInViewController.swift */ = {isa = PBXFileReference; lastKnownFileType = sourcecode.swift; path = LogInViewController.swift; sourceTree = "<group>"; };
		CBCE32C22BDB412600B15EEF /* GoogleService-Info.plist */ = {isa = PBXFileReference; fileEncoding = 4; lastKnownFileType = text.plist.xml; path = "GoogleService-Info.plist"; sourceTree = "<group>"; };
		CBCE32C42BDB546800B15EEF /* RegisterViewController.swift */ = {isa = PBXFileReference; lastKnownFileType = sourcecode.swift; path = RegisterViewController.swift; sourceTree = "<group>"; };
		CBDD9E9E2BA7EA14001AFC33 /* EasyFood.app */ = {isa = PBXFileReference; explicitFileType = wrapper.application; includeInIndex = 0; path = EasyFood.app; sourceTree = BUILT_PRODUCTS_DIR; };
		CBDD9EA12BA7EA14001AFC33 /* AppDelegate.swift */ = {isa = PBXFileReference; lastKnownFileType = sourcecode.swift; path = AppDelegate.swift; sourceTree = "<group>"; };
		CBDD9EA32BA7EA14001AFC33 /* SceneDelegate.swift */ = {isa = PBXFileReference; lastKnownFileType = sourcecode.swift; path = SceneDelegate.swift; sourceTree = "<group>"; };
		CBDD9EA52BA7EA14001AFC33 /* ViewController.swift */ = {isa = PBXFileReference; lastKnownFileType = sourcecode.swift; path = ViewController.swift; sourceTree = "<group>"; };
		CBDD9EA82BA7EA14001AFC33 /* Base */ = {isa = PBXFileReference; lastKnownFileType = file.storyboard; name = Base; path = Base.lproj/Main.storyboard; sourceTree = "<group>"; };
		CBDD9EAB2BA7EA14001AFC33 /* EasyFood.xcdatamodel */ = {isa = PBXFileReference; lastKnownFileType = wrapper.xcdatamodel; path = EasyFood.xcdatamodel; sourceTree = "<group>"; };
		CBDD9EAD2BA7EA16001AFC33 /* Assets.xcassets */ = {isa = PBXFileReference; lastKnownFileType = folder.assetcatalog; path = Assets.xcassets; sourceTree = "<group>"; };
		CBDD9EB02BA7EA16001AFC33 /* Base */ = {isa = PBXFileReference; lastKnownFileType = file.storyboard; name = Base; path = Base.lproj/LaunchScreen.storyboard; sourceTree = "<group>"; };
		CBDD9EB22BA7EA16001AFC33 /* Info.plist */ = {isa = PBXFileReference; lastKnownFileType = text.plist.xml; path = Info.plist; sourceTree = "<group>"; };
/* End PBXFileReference section */

/* Begin PBXFrameworksBuildPhase section */
		CBDD9E9B2BA7EA14001AFC33 /* Frameworks */ = {
			isa = PBXFrameworksBuildPhase;
			buildActionMask = 2147483647;
			files = (
				CBCE32BD2BDB3F1600B15EEF /* FirebaseAuth in Frameworks */,
				CBCE32BF2BDB3F1600B15EEF /* FirebaseFirestore in Frameworks */,
				CBCE32C12BDB3F1600B15EEF /* FirebaseFirestoreSwift in Frameworks */,
			);
			runOnlyForDeploymentPostprocessing = 0;
		};
/* End PBXFrameworksBuildPhase section */

/* Begin PBXGroup section */
		CB300AC32BF458BB001B6A72 /* ViewControllers */ = {
			isa = PBXGroup;
			children = (
				CB300ACD2BF63C7A001B6A72 /* Detail */,
				CB300AC82BF46671001B6A72 /* Search */,
				CB300AC42BF458DC001B6A72 /* HomeViewController.swift */,
				CB300AC62BF45A38001B6A72 /* HomepageCollectionViewCell.swift */,
			);
			path = ViewControllers;
			sourceTree = "<group>";
		};
		CB300AC82BF46671001B6A72 /* Search */ = {
			isa = PBXGroup;
			children = (
				CB300AC92BF46692001B6A72 /* SearchViewController.swift */,
				CB300ACB2BF46728001B6A72 /* SearchCollectionViewCell.swift */,
			);
			path = Search;
			sourceTree = "<group>";
		};
		CB300ACD2BF63C7A001B6A72 /* Detail */ = {
			isa = PBXGroup;
			children = (
				CB300ACE2BF63CA2001B6A72 /* DetailViewController.swift */,
			);
			path = Detail;
			sourceTree = "<group>";
		};
		CB34B0952BDB58A70059A17E /* DataBase */ = {
			isa = PBXGroup;
			children = (
				CB34B0962BDB58CD0059A17E /* FirebaseController.swift */,
				CB34B0982BDB59110059A17E /* DatabaseProtocol.swift */,
				CB34B09A2BDB5AA90059A17E /* MulticastDelegate.swift */,
			);
			path = DataBase;
			sourceTree = "<group>";
		};
		CB7F25F22BED8ABF00700F35 /* Models */ = {
			isa = PBXGroup;
			children = (
				CB7F25F32BED8AD200700F35 /* RecipeData.swift */,
				CB7F25F52BED8AF900700F35 /* CookingData.swift */,
				CB7F25F72BED8DA100700F35 /* IngredientData.swift */,
				CB7F25FB2BEDA4C400700F35 /* ShortRecipeData.swift */,
				CB7F25FF2BEF1E3600700F35 /* TestingCollectionViewCell.swift */,
				CB7F26032BF0484300700F35 /* DetailRecipeData.swift */,
				CB7F26012BEF1EBE00700F35 /* TestingViewController.swift */,
				CB7F26052BF04BCA00700F35 /* analyzedInstructionData.swift */,
			);
			path = Models;
			sourceTree = "<group>";
		};
		CBDD9E952BA7EA14001AFC33 = {
			isa = PBXGroup;
			children = (
				CBDD9EA02BA7EA14001AFC33 /* EasyFood */,
				CBDD9E9F2BA7EA14001AFC33 /* Products */,
			);
			sourceTree = "<group>";
		};
		CBDD9E9F2BA7EA14001AFC33 /* Products */ = {
			isa = PBXGroup;
			children = (
				CBDD9E9E2BA7EA14001AFC33 /* EasyFood.app */,
			);
			name = Products;
			sourceTree = "<group>";
		};
		CBDD9EA02BA7EA14001AFC33 /* EasyFood */ = {
			isa = PBXGroup;
			children = (
				CBCE32B92BDB3BFF00B15EEF /* LogInViewController.swift */,
				CBDD9EA12BA7EA14001AFC33 /* AppDelegate.swift */,
				CB8234E62BE4B66500465B31 /* MainViewController.swift */,
				CBDD9EA32BA7EA14001AFC33 /* SceneDelegate.swift */,
				CB34B0952BDB58A70059A17E /* DataBase */,
				CBDD9EA52BA7EA14001AFC33 /* ViewController.swift */,
				CBDD9EA72BA7EA14001AFC33 /* Main.storyboard */,
				CBDD9EAD2BA7EA16001AFC33 /* Assets.xcassets */,
				CBDD9EAF2BA7EA16001AFC33 /* LaunchScreen.storyboard */,
				CBDD9EB22BA7EA16001AFC33 /* Info.plist */,
				CBDD9EAA2BA7EA14001AFC33 /* EasyFood.xcdatamodeld */,
				CBCE32C42BDB546800B15EEF /* RegisterViewController.swift */,
				CB300AC32BF458BB001B6A72 /* ViewControllers */,
				CBCE32C22BDB412600B15EEF /* GoogleService-Info.plist */,
				CB7F25F22BED8ABF00700F35 /* Models */,
			);
			path = EasyFood;
			sourceTree = "<group>";
		};
/* End PBXGroup section */

/* Begin PBXNativeTarget section */
		CBDD9E9D2BA7EA14001AFC33 /* EasyFood */ = {
			isa = PBXNativeTarget;
			buildConfigurationList = CBDD9EB52BA7EA16001AFC33 /* Build configuration list for PBXNativeTarget "EasyFood" */;
			buildPhases = (
				CBDD9E9A2BA7EA14001AFC33 /* Sources */,
				CBDD9E9B2BA7EA14001AFC33 /* Frameworks */,
				CBDD9E9C2BA7EA14001AFC33 /* Resources */,
			);
			buildRules = (
			);
			dependencies = (
			);
			name = EasyFood;
			packageProductDependencies = (
				CBCE32BC2BDB3F1600B15EEF /* FirebaseAuth */,
				CBCE32BE2BDB3F1600B15EEF /* FirebaseFirestore */,
				CBCE32C02BDB3F1600B15EEF /* FirebaseFirestoreSwift */,
			);
			productName = EasyFood;
			productReference = CBDD9E9E2BA7EA14001AFC33 /* EasyFood.app */;
			productType = "com.apple.product-type.application";
		};
/* End PBXNativeTarget section */

/* Begin PBXProject section */
		CBDD9E962BA7EA14001AFC33 /* Project object */ = {
			isa = PBXProject;
			attributes = {
				BuildIndependentTargetsInParallel = 1;
				LastSwiftUpdateCheck = 1430;
				LastUpgradeCheck = 1430;
				TargetAttributes = {
					CBDD9E9D2BA7EA14001AFC33 = {
						CreatedOnToolsVersion = 14.3.1;
					};
				};
			};
			buildConfigurationList = CBDD9E992BA7EA14001AFC33 /* Build configuration list for PBXProject "EasyFood" */;
			compatibilityVersion = "Xcode 14.0";
			developmentRegion = en;
			hasScannedForEncodings = 0;
			knownRegions = (
				en,
				Base,
			);
			mainGroup = CBDD9E952BA7EA14001AFC33;
			packageReferences = (
				CBCE32BB2BDB3F1600B15EEF /* XCRemoteSwiftPackageReference "firebase-ios-sdk" */,
			);
			productRefGroup = CBDD9E9F2BA7EA14001AFC33 /* Products */;
			projectDirPath = "";
			projectRoot = "";
			targets = (
				CBDD9E9D2BA7EA14001AFC33 /* EasyFood */,
			);
		};
/* End PBXProject section */

/* Begin PBXResourcesBuildPhase section */
		CBDD9E9C2BA7EA14001AFC33 /* Resources */ = {
			isa = PBXResourcesBuildPhase;
			buildActionMask = 2147483647;
			files = (
				CBDD9EB12BA7EA16001AFC33 /* LaunchScreen.storyboard in Resources */,
				CBCE32C32BDB412600B15EEF /* GoogleService-Info.plist in Resources */,
				CBDD9EAE2BA7EA16001AFC33 /* Assets.xcassets in Resources */,
				CBDD9EA92BA7EA14001AFC33 /* Main.storyboard in Resources */,
			);
			runOnlyForDeploymentPostprocessing = 0;
		};
/* End PBXResourcesBuildPhase section */

/* Begin PBXSourcesBuildPhase section */
		CBDD9E9A2BA7EA14001AFC33 /* Sources */ = {
			isa = PBXSourcesBuildPhase;
			buildActionMask = 2147483647;
			files = (
				CB7F26002BEF1E3600700F35 /* TestingCollectionViewCell.swift in Sources */,
				CB7F25F62BED8AF900700F35 /* CookingData.swift in Sources */,
				CB300ACF2BF63CA2001B6A72 /* DetailViewController.swift in Sources */,
				CB300ACC2BF46728001B6A72 /* SearchCollectionViewCell.swift in Sources */,
				CB34B0992BDB59110059A17E /* DatabaseProtocol.swift in Sources */,
				CB7F26022BEF1EBE00700F35 /* TestingViewController.swift in Sources */,
				CB300AC72BF45A38001B6A72 /* HomepageCollectionViewCell.swift in Sources */,
				CB7F25FC2BEDA4C400700F35 /* ShortRecipeData.swift in Sources */,
				CB8234E72BE4B66500465B31 /* MainViewController.swift in Sources */,
				CBDD9EA62BA7EA14001AFC33 /* ViewController.swift in Sources */,
				CB7F25F82BED8DA100700F35 /* IngredientData.swift in Sources */,
				CB34B0972BDB58CD0059A17E /* FirebaseController.swift in Sources */,
				CBDD9EA22BA7EA14001AFC33 /* AppDelegate.swift in Sources */,
				CBDD9EA42BA7EA14001AFC33 /* SceneDelegate.swift in Sources */,
				CB7F26042BF0484300700F35 /* DetailRecipeData.swift in Sources */,
				CBCE32C52BDB546800B15EEF /* RegisterViewController.swift in Sources */,
				CBCE32BA2BDB3BFF00B15EEF /* LogInViewController.swift in Sources */,
				CB300ACA2BF46692001B6A72 /* SearchViewController.swift in Sources */,
				CB300AC52BF458DC001B6A72 /* HomeViewController.swift in Sources */,
				CB7F26062BF04BCA00700F35 /* analyzedInstructionData.swift in Sources */,
				CB7F25F42BED8AD200700F35 /* RecipeData.swift in Sources */,
				CBDD9EAC2BA7EA14001AFC33 /* EasyFood.xcdatamodeld in Sources */,
				CB34B09B2BDB5AA90059A17E /* MulticastDelegate.swift in Sources */,
			);
			runOnlyForDeploymentPostprocessing = 0;
		};
/* End PBXSourcesBuildPhase section */

/* Begin PBXVariantGroup section */
		CBDD9EA72BA7EA14001AFC33 /* Main.storyboard */ = {
			isa = PBXVariantGroup;
			children = (
				CBDD9EA82BA7EA14001AFC33 /* Base */,
			);
			name = Main.storyboard;
			sourceTree = "<group>";
		};
		CBDD9EAF2BA7EA16001AFC33 /* LaunchScreen.storyboard */ = {
			isa = PBXVariantGroup;
			children = (
				CBDD9EB02BA7EA16001AFC33 /* Base */,
			);
			name = LaunchScreen.storyboard;
			sourceTree = "<group>";
		};
/* End PBXVariantGroup section */

/* Begin XCBuildConfiguration section */
		CBDD9EB32BA7EA16001AFC33 /* Debug */ = {
			isa = XCBuildConfiguration;
			buildSettings = {
				ALWAYS_SEARCH_USER_PATHS = NO;
				CLANG_ANALYZER_NONNULL = YES;
				CLANG_ANALYZER_NUMBER_OBJECT_CONVERSION = YES_AGGRESSIVE;
				CLANG_CXX_LANGUAGE_STANDARD = "gnu++20";
				CLANG_ENABLE_MODULES = YES;
				CLANG_ENABLE_OBJC_ARC = YES;
				CLANG_ENABLE_OBJC_WEAK = YES;
				CLANG_WARN_BLOCK_CAPTURE_AUTORELEASING = YES;
				CLANG_WARN_BOOL_CONVERSION = YES;
				CLANG_WARN_COMMA = YES;
				CLANG_WARN_CONSTANT_CONVERSION = YES;
				CLANG_WARN_DEPRECATED_OBJC_IMPLEMENTATIONS = YES;
				CLANG_WARN_DIRECT_OBJC_ISA_USAGE = YES_ERROR;
				CLANG_WARN_DOCUMENTATION_COMMENTS = YES;
				CLANG_WARN_EMPTY_BODY = YES;
				CLANG_WARN_ENUM_CONVERSION = YES;
				CLANG_WARN_INFINITE_RECURSION = YES;
				CLANG_WARN_INT_CONVERSION = YES;
				CLANG_WARN_NON_LITERAL_NULL_CONVERSION = YES;
				CLANG_WARN_OBJC_IMPLICIT_RETAIN_SELF = YES;
				CLANG_WARN_OBJC_LITERAL_CONVERSION = YES;
				CLANG_WARN_OBJC_ROOT_CLASS = YES_ERROR;
				CLANG_WARN_QUOTED_INCLUDE_IN_FRAMEWORK_HEADER = YES;
				CLANG_WARN_RANGE_LOOP_ANALYSIS = YES;
				CLANG_WARN_STRICT_PROTOTYPES = YES;
				CLANG_WARN_SUSPICIOUS_MOVE = YES;
				CLANG_WARN_UNGUARDED_AVAILABILITY = YES_AGGRESSIVE;
				CLANG_WARN_UNREACHABLE_CODE = YES;
				CLANG_WARN__DUPLICATE_METHOD_MATCH = YES;
				COPY_PHASE_STRIP = NO;
				DEBUG_INFORMATION_FORMAT = dwarf;
				ENABLE_STRICT_OBJC_MSGSEND = YES;
				ENABLE_TESTABILITY = YES;
				GCC_C_LANGUAGE_STANDARD = gnu11;
				GCC_DYNAMIC_NO_PIC = NO;
				GCC_NO_COMMON_BLOCKS = YES;
				GCC_OPTIMIZATION_LEVEL = 0;
				GCC_PREPROCESSOR_DEFINITIONS = (
					"DEBUG=1",
					"$(inherited)",
				);
				GCC_WARN_64_TO_32_BIT_CONVERSION = YES;
				GCC_WARN_ABOUT_RETURN_TYPE = YES_ERROR;
				GCC_WARN_UNDECLARED_SELECTOR = YES;
				GCC_WARN_UNINITIALIZED_AUTOS = YES_AGGRESSIVE;
				GCC_WARN_UNUSED_FUNCTION = YES;
				GCC_WARN_UNUSED_VARIABLE = YES;
				IPHONEOS_DEPLOYMENT_TARGET = 16.4;
				MTL_ENABLE_DEBUG_INFO = INCLUDE_SOURCE;
				MTL_FAST_MATH = YES;
				ONLY_ACTIVE_ARCH = YES;
				SDKROOT = iphoneos;
				SWIFT_ACTIVE_COMPILATION_CONDITIONS = DEBUG;
				SWIFT_OPTIMIZATION_LEVEL = "-Onone";
			};
			name = Debug;
		};
		CBDD9EB42BA7EA16001AFC33 /* Release */ = {
			isa = XCBuildConfiguration;
			buildSettings = {
				ALWAYS_SEARCH_USER_PATHS = NO;
				CLANG_ANALYZER_NONNULL = YES;
				CLANG_ANALYZER_NUMBER_OBJECT_CONVERSION = YES_AGGRESSIVE;
				CLANG_CXX_LANGUAGE_STANDARD = "gnu++20";
				CLANG_ENABLE_MODULES = YES;
				CLANG_ENABLE_OBJC_ARC = YES;
				CLANG_ENABLE_OBJC_WEAK = YES;
				CLANG_WARN_BLOCK_CAPTURE_AUTORELEASING = YES;
				CLANG_WARN_BOOL_CONVERSION = YES;
				CLANG_WARN_COMMA = YES;
				CLANG_WARN_CONSTANT_CONVERSION = YES;
				CLANG_WARN_DEPRECATED_OBJC_IMPLEMENTATIONS = YES;
				CLANG_WARN_DIRECT_OBJC_ISA_USAGE = YES_ERROR;
				CLANG_WARN_DOCUMENTATION_COMMENTS = YES;
				CLANG_WARN_EMPTY_BODY = YES;
				CLANG_WARN_ENUM_CONVERSION = YES;
				CLANG_WARN_INFINITE_RECURSION = YES;
				CLANG_WARN_INT_CONVERSION = YES;
				CLANG_WARN_NON_LITERAL_NULL_CONVERSION = YES;
				CLANG_WARN_OBJC_IMPLICIT_RETAIN_SELF = YES;
				CLANG_WARN_OBJC_LITERAL_CONVERSION = YES;
				CLANG_WARN_OBJC_ROOT_CLASS = YES_ERROR;
				CLANG_WARN_QUOTED_INCLUDE_IN_FRAMEWORK_HEADER = YES;
				CLANG_WARN_RANGE_LOOP_ANALYSIS = YES;
				CLANG_WARN_STRICT_PROTOTYPES = YES;
				CLANG_WARN_SUSPICIOUS_MOVE = YES;
				CLANG_WARN_UNGUARDED_AVAILABILITY = YES_AGGRESSIVE;
				CLANG_WARN_UNREACHABLE_CODE = YES;
				CLANG_WARN__DUPLICATE_METHOD_MATCH = YES;
				COPY_PHASE_STRIP = NO;
				DEBUG_INFORMATION_FORMAT = "dwarf-with-dsym";
				ENABLE_NS_ASSERTIONS = NO;
				ENABLE_STRICT_OBJC_MSGSEND = YES;
				GCC_C_LANGUAGE_STANDARD = gnu11;
				GCC_NO_COMMON_BLOCKS = YES;
				GCC_WARN_64_TO_32_BIT_CONVERSION = YES;
				GCC_WARN_ABOUT_RETURN_TYPE = YES_ERROR;
				GCC_WARN_UNDECLARED_SELECTOR = YES;
				GCC_WARN_UNINITIALIZED_AUTOS = YES_AGGRESSIVE;
				GCC_WARN_UNUSED_FUNCTION = YES;
				GCC_WARN_UNUSED_VARIABLE = YES;
				IPHONEOS_DEPLOYMENT_TARGET = 16.4;
				MTL_ENABLE_DEBUG_INFO = NO;
				MTL_FAST_MATH = YES;
				SDKROOT = iphoneos;
				SWIFT_COMPILATION_MODE = wholemodule;
				SWIFT_OPTIMIZATION_LEVEL = "-O";
				VALIDATE_PRODUCT = YES;
			};
			name = Release;
		};
		CBDD9EB62BA7EA16001AFC33 /* Debug */ = {
			isa = XCBuildConfiguration;
			buildSettings = {
				ASSETCATALOG_COMPILER_APPICON_NAME = AppIcon;
				ASSETCATALOG_COMPILER_GLOBAL_ACCENT_COLOR_NAME = AccentColor;
				CODE_SIGN_STYLE = Automatic;
				CURRENT_PROJECT_VERSION = 1;
				GENERATE_INFOPLIST_FILE = YES;
				INFOPLIST_FILE = EasyFood/Info.plist;
				INFOPLIST_KEY_LSApplicationCategoryType = "public.app-category.education";
				INFOPLIST_KEY_UIApplicationSupportsIndirectInputEvents = YES;
				INFOPLIST_KEY_UILaunchStoryboardName = LaunchScreen;
				INFOPLIST_KEY_UIMainStoryboardFile = Main;
				INFOPLIST_KEY_UISupportedInterfaceOrientations_iPad = "UIInterfaceOrientationPortrait UIInterfaceOrientationPortraitUpsideDown UIInterfaceOrientationLandscapeLeft UIInterfaceOrientationLandscapeRight";
				INFOPLIST_KEY_UISupportedInterfaceOrientations_iPhone = "UIInterfaceOrientationPortrait UIInterfaceOrientationLandscapeLeft UIInterfaceOrientationLandscapeRight";
				LD_RUNPATH_SEARCH_PATHS = (
					"$(inherited)",
					"@executable_path/Frameworks",
				);
				MARKETING_VERSION = 1.0;
				PRODUCT_BUNDLE_IDENTIFIER = NickNguyen.EasyFood;
				PRODUCT_NAME = "$(TARGET_NAME)";
				SWIFT_EMIT_LOC_STRINGS = YES;
				SWIFT_VERSION = 5.0;
				TARGETED_DEVICE_FAMILY = "1,2";
			};
			name = Debug;
		};
		CBDD9EB72BA7EA16001AFC33 /* Release */ = {
			isa = XCBuildConfiguration;
			buildSettings = {
				ASSETCATALOG_COMPILER_APPICON_NAME = AppIcon;
				ASSETCATALOG_COMPILER_GLOBAL_ACCENT_COLOR_NAME = AccentColor;
				CODE_SIGN_STYLE = Automatic;
				CURRENT_PROJECT_VERSION = 1;
				GENERATE_INFOPLIST_FILE = YES;
				INFOPLIST_FILE = EasyFood/Info.plist;
				INFOPLIST_KEY_LSApplicationCategoryType = "public.app-category.education";
				INFOPLIST_KEY_UIApplicationSupportsIndirectInputEvents = YES;
				INFOPLIST_KEY_UILaunchStoryboardName = LaunchScreen;
				INFOPLIST_KEY_UIMainStoryboardFile = Main;
				INFOPLIST_KEY_UISupportedInterfaceOrientations_iPad = "UIInterfaceOrientationPortrait UIInterfaceOrientationPortraitUpsideDown UIInterfaceOrientationLandscapeLeft UIInterfaceOrientationLandscapeRight";
				INFOPLIST_KEY_UISupportedInterfaceOrientations_iPhone = "UIInterfaceOrientationPortrait UIInterfaceOrientationLandscapeLeft UIInterfaceOrientationLandscapeRight";
				LD_RUNPATH_SEARCH_PATHS = (
					"$(inherited)",
					"@executable_path/Frameworks",
				);
				MARKETING_VERSION = 1.0;
				PRODUCT_BUNDLE_IDENTIFIER = NickNguyen.EasyFood;
				PRODUCT_NAME = "$(TARGET_NAME)";
				SWIFT_EMIT_LOC_STRINGS = YES;
				SWIFT_VERSION = 5.0;
				TARGETED_DEVICE_FAMILY = "1,2";
			};
			name = Release;
		};
/* End XCBuildConfiguration section */

/* Begin XCConfigurationList section */
		CBDD9E992BA7EA14001AFC33 /* Build configuration list for PBXProject "EasyFood" */ = {
			isa = XCConfigurationList;
			buildConfigurations = (
				CBDD9EB32BA7EA16001AFC33 /* Debug */,
				CBDD9EB42BA7EA16001AFC33 /* Release */,
			);
			defaultConfigurationIsVisible = 0;
			defaultConfigurationName = Release;
		};
		CBDD9EB52BA7EA16001AFC33 /* Build configuration list for PBXNativeTarget "EasyFood" */ = {
			isa = XCConfigurationList;
			buildConfigurations = (
				CBDD9EB62BA7EA16001AFC33 /* Debug */,
				CBDD9EB72BA7EA16001AFC33 /* Release */,
			);
			defaultConfigurationIsVisible = 0;
			defaultConfigurationName = Release;
		};
/* End XCConfigurationList section */

/* Begin XCRemoteSwiftPackageReference section */
		CBCE32BB2BDB3F1600B15EEF /* XCRemoteSwiftPackageReference "firebase-ios-sdk" */ = {
			isa = XCRemoteSwiftPackageReference;
			repositoryURL = "https://github.com/firebase/firebase-ios-sdk.git";
			requirement = {
				kind = upToNextMajorVersion;
				minimumVersion = 10.0.0;
			};
		};
/* End XCRemoteSwiftPackageReference section */

/* Begin XCSwiftPackageProductDependency section */
		CBCE32BC2BDB3F1600B15EEF /* FirebaseAuth */ = {
			isa = XCSwiftPackageProductDependency;
			package = CBCE32BB2BDB3F1600B15EEF /* XCRemoteSwiftPackageReference "firebase-ios-sdk" */;
			productName = FirebaseAuth;
		};
		CBCE32BE2BDB3F1600B15EEF /* FirebaseFirestore */ = {
			isa = XCSwiftPackageProductDependency;
			package = CBCE32BB2BDB3F1600B15EEF /* XCRemoteSwiftPackageReference "firebase-ios-sdk" */;
			productName = FirebaseFirestore;
		};
		CBCE32C02BDB3F1600B15EEF /* FirebaseFirestoreSwift */ = {
			isa = XCSwiftPackageProductDependency;
			package = CBCE32BB2BDB3F1600B15EEF /* XCRemoteSwiftPackageReference "firebase-ios-sdk" */;
			productName = FirebaseFirestoreSwift;
		};
/* End XCSwiftPackageProductDependency section */

/* Begin XCVersionGroup section */
		CBDD9EAA2BA7EA14001AFC33 /* EasyFood.xcdatamodeld */ = {
			isa = XCVersionGroup;
			children = (
				CBDD9EAB2BA7EA14001AFC33 /* EasyFood.xcdatamodel */,
			);
			currentVersion = CBDD9EAB2BA7EA14001AFC33 /* EasyFood.xcdatamodel */;
			path = EasyFood.xcdatamodeld;
			sourceTree = "<group>";
			versionGroupType = wrapper.xcdatamodel;
		};
/* End XCVersionGroup section */
	};
	rootObject = CBDD9E962BA7EA14001AFC33 /* Project object */;
}
